<?xml version="1.0" encoding="utf-8"?>
<Project ToolsVersion="4.0" xmlns="http://schemas.microsoft.com/developer/msbuild/2003">
  <ItemGroup>
    <Filter Include="Source Files">
      <UniqueIdentifier>{80927877-9e64-4462-bdba-5e3c2ba2cdbd}</UniqueIdentifier>
      <Extensions>cpp;c;cxx;rc;def;r;odl;idl;hpj;bat;for;f90</Extensions>
    </Filter>
    <Filter Include="Header Files">
      <UniqueIdentifier>{b6e4fde0-6086-4894-a476-2050c5522ec5}</UniqueIdentifier>
      <Extensions>h;hpp;hxx;hm;inl;fi;fd</Extensions>
    </Filter>
    <Filter Include="Resource Files">
      <UniqueIdentifier>{6dbbe2d7-299c-422d-9183-8d7add7f124c}</UniqueIdentifier>
      <Extensions>ico;cur;bmp;dlg;rc2;rct;bin;cnt;rtf;gif;jpg;jpeg;jpe</Extensions>
    </Filter>
  </ItemGroup>
  <ItemGroup>
    <ClCompile Include="Approx.cpp">
      <Filter>Source Files</Filter>
    </ClCompile>
    <ClCompile Include="DialogExpAdv.cpp">
      <Filter>Source Files</Filter>
    </ClCompile>
    <ClCompile Include="DialogRobast.cpp">
      <Filter>Source Files</Filter>
    </ClCompile>
    <ClCompile Include="DialogSelMethod.cpp">
      <Filter>Source Files</Filter>
    </ClCompile>
    <ClCompile Include="DssPref.cpp">
      <Filter>Source Files</Filter>
    </ClCompile>
    <ClCompile Include="excel8.cpp">
      <Filter>Source Files</Filter>
    </ClCompile>
    <ClCompile Include="Exponent.cpp">
      <Filter>Source Files</Filter>
    </ClCompile>
    <ClCompile Include="ExponentDialog.cpp">
      <Filter>Source Files</Filter>
    </ClCompile>
    <ClCompile Include="factory.cpp">
      <Filter>Source Files</Filter>
    </ClCompile>
    <ClCompile Include="fmod.cpp">
      <Filter>Source Files</Filter>
    </ClCompile>
    <ClCompile Include="font.cpp">
      <Filter>Source Files</Filter>
    </ClCompile>
    <ClCompile Include="fserver_i.c">
      <Filter>Source Files</Filter>
    </ClCompile>
    <ClCompile Include="gridctrl.cpp">
      <Filter>Source Files</Filter>
    </ClCompile>
    <ClCompile Include="GridDropTarget.cpp">
      <Filter>Source Files</Filter>
    </ClCompile>
    <ClCompile Include="GroupSet.cpp">
      <Filter>Source Files</Filter>
    </ClCompile>
    <ClCompile Include="InPlaceEdit.cpp">
      <Filter>Source Files</Filter>
    </ClCompile>
    <ClCompile Include="InPlaceList.cpp">
      <Filter>Source Files</Filter>
    </ClCompile>
    <ClCompile Include="MainFrm.cpp">
      <Filter>Source Files</Filter>
    </ClCompile>
    <ClCompile Include="Method.cpp">
      <Filter>Source Files</Filter>
    </ClCompile>
    <ClCompile Include="msflexgrid.cpp">
      <Filter>Source Files</Filter>
    </ClCompile>
    <ClCompile Include="OptionsDlg.cpp">
      <Filter>Source Files</Filter>
    </ClCompile>
    <ClCompile Include="picture.cpp">
      <Filter>Source Files</Filter>
    </ClCompile>
    <ClCompile Include="PrefView.cpp">
      <Filter>Source Files</Filter>
    </ClCompile>
    <ClCompile Include="Protection.cpp">
      <Filter>Source Files</Filter>
    </ClCompile>
    <ClCompile Include="rowcursor.cpp">
      <Filter>Source Files</Filter>
    </ClCompile>
    <ClCompile Include="Scale.cpp">
      <Filter>Source Files</Filter>
    </ClCompile>
    <ClCompile Include="ScaleAutoDef.cpp">
      <Filter>Source Files</Filter>
    </ClCompile>
    <ClCompile Include="ScaleDialog.cpp">
      <Filter>Source Files</Filter>
    </ClCompile>
    <ClCompile Include="Splash.cpp">
      <Filter>Source Files</Filter>
    </ClCompile>
    <ClCompile Include="StdAfx.cpp">
      <Filter>Source Files</Filter>
    </ClCompile>
    <ClCompile Include="sys_add_ins.cpp">
      <Filter>Source Files</Filter>
    </ClCompile>
    <ClCompile Include="TitleTip.cpp">
      <Filter>Source Files</Filter>
    </ClCompile>
    <ClCompile Include="UTES.cpp">
      <Filter>Source Files</Filter>
    </ClCompile>
    <ClCompile Include="UTESDoc.cpp">
      <Filter>Source Files</Filter>
    </ClCompile>
    <ClCompile Include="UTESView.cpp">
      <Filter>Source Files</Filter>
    </ClCompile>
    <ClCompile Include="WeightView.cpp">
      <Filter>Source Files</Filter>
    </ClCompile>
    <ClCompile Include="PointView.cpp">
      <Filter>Source Files</Filter>
    </ClCompile>
  </ItemGroup>
  <ItemGroup>
    <Midl Include="dsspref.odl">
      <Filter>Source Files</Filter>
    </Midl>
  </ItemGroup>
  <ItemGroup>
    <ResourceCompile Include="UTES.rc">
      <Filter>Source Files</Filter>
    </ResourceCompile>
  </ItemGroup>
  <ItemGroup>
    <ClInclude Include="Approx.h">
      <Filter>Header Files</Filter>
    </ClInclude>
    <ClInclude Include="CellRange.h">
      <Filter>Header Files</Filter>
    </ClInclude>
    <ClInclude Include="def_scale.h">
      <Filter>Header Files</Filter>
    </ClInclude>
    <ClInclude Include="DialogExpAdv.h">
      <Filter>Header Files</Filter>
    </ClInclude>
    <ClInclude Include="DialogRobast.h">
      <Filter>Header Files</Filter>
    </ClInclude>
    <ClInclude Include="DialogSelMethod.h">
      <Filter>Header Files</Filter>
    </ClInclude>
    <ClInclude Include="DssPref.h">
      <Filter>Header Files</Filter>
    </ClInclude>
    <ClInclude Include="excel8.h">
      <Filter>Header Files</Filter>
    </ClInclude>
    <ClInclude Include="Exponent.h">
      <Filter>Header Files</Filter>
    </ClInclude>
    <ClInclude Include="ExponentDialog.h">
      <Filter>Header Files</Filter>
    </ClInclude>
    <ClInclude Include="factory.h">
      <Filter>Header Files</Filter>
    </ClInclude>
    <ClInclude Include="fmod.h">
      <Filter>Header Files</Filter>
    </ClInclude>
    <ClInclude Include="font.h">
      <Filter>Header Files</Filter>
    </ClInclude>
    <ClInclude Include="gridctrl.h">
      <Filter>Header Files</Filter>
    </ClInclude>
    <ClInclude Include="GridDropTarget.h">
      <Filter>Header Files</Filter>
    </ClInclude>
    <ClInclude Include="GroupSet.h">
      <Filter>Header Files</Filter>
    </ClInclude>
    <ClInclude Include="InPlaceEdit.h">
      <Filter>Header Files</Filter>
    </ClInclude>
    <ClInclude Include="InPlaceList.h">
      <Filter>Header Files</Filter>
    </ClInclude>
    <ClInclude Include="MainFrm.h">
      <Filter>Header Files</Filter>
    </ClInclude>
    <ClInclude Include="MemDC.h">
      <Filter>Header Files</Filter>
    </ClInclude>
    <ClInclude Include="Method.h">
      <Filter>Header Files</Filter>
    </ClInclude>
    <ClInclude Include="msflexgrid.h">
      <Filter>Header Files</Filter>
    </ClInclude>
    <ClInclude Include="OptionsDlg.h">
      <Filter>Header Files</Filter>
    </ClInclude>
    <ClInclude Include="picture.h">
      <Filter>Header Files</Filter>
    </ClInclude>
    <ClInclude Include="PrefView.h">
      <Filter>Header Files</Filter>
    </ClInclude>
    <ClInclude Include="Protection.h">
      <Filter>Header Files</Filter>
    </ClInclude>
    <ClInclude Include="resource.h">
      <Filter>Header Files</Filter>
    </ClInclude>
    <ClInclude Include="rowcursor.h">
      <Filter>Header Files</Filter>
    </ClInclude>
    <ClInclude Include="Scale.h">
      <Filter>Header Files</Filter>
    </ClInclude>
    <ClInclude Include="ScaleAutoDef.h">
      <Filter>Header Files</Filter>
    </ClInclude>
    <ClInclude Include="ScaleDialog.h">
      <Filter>Header Files</Filter>
    </ClInclude>
    <ClInclude Include="Splash.h">
      <Filter>Header Files</Filter>
    </ClInclude>
    <ClInclude Include="StdAfx.h">
      <Filter>Header Files</Filter>
    </ClInclude>
    <ClInclude Include="sys_add_ins.h">
      <Filter>Header Files</Filter>
    </ClInclude>
    <ClInclude Include="TitleTip.h">
      <Filter>Header Files</Filter>
    </ClInclude>
    <ClInclude Include="UTES.h">
      <Filter>Header Files</Filter>
    </ClInclude>
    <ClInclude Include="UTESDoc.h">
      <Filter>Header Files</Filter>
    </ClInclude>
    <ClInclude Include="UTESView.h">
      <Filter>Header Files</Filter>
    </ClInclude>
    <ClInclude Include="WeightView.h">
      <Filter>Header Files</Filter>
    </ClInclude>
    <ClInclude Include="PointView.h">
      <Filter>Header Files</Filter>
    </ClInclude>
  </ItemGroup>
  <ItemGroup>
    <CustomBuild Include="ReadMe.txt">
      <Filter>Source Files</Filter>
    </CustomBuild>
    <CustomBuild Include="res\bitmap1.bmp">
      <Filter>Resource Files</Filter>
    </CustomBuild>
    <CustomBuild Include="res\bitmap3.bmp">
      <Filter>Resource Files</Filter>
    </CustomBuild>
    <CustomBuild Include="res\Face01.ico">
      <Filter>Resource Files</Filter>
    </CustomBuild>
    <CustomBuild Include="res\Face02.ico">
      <Filter>Resource Files</Filter>
    </CustomBuild>
    <CustomBuild Include="res\Face03.ico">
      <Filter>Resource Files</Filter>
    </CustomBuild>
    <CustomBuild Include="res\Face04.ico">
      <Filter>Resource Files</Filter>
    </CustomBuild>
    <CustomBuild Include="res\icon5.ico">
      <Filter>Resource Files</Filter>
    </CustomBuild>
    <CustomBuild Include="Splsh16.bmp">
      <Filter>Resource Files</Filter>
    </CustomBuild>
    <CustomBuild Include="res\Toolbar.bmp">
      <Filter>Resource Files</Filter>
    </CustomBuild>
    <CustomBuild Include="res\UTES.ico">
      <Filter>Resource Files</Filter>
    </CustomBuild>
    <CustomBuild Include="res\UTES.rc2">
      <Filter>Resource Files</Filter>
    </CustomBuild>
    <CustomBuild Include="res\UTESDoc.ico">
      <Filter>Resource Files</Filter>
    </CustomBuild>
  </ItemGroup>
</Project>